
Microsoft Visual Studio Solution File, Format Version 12.00
# Visual Studio Version 17
VisualStudioVersion = 17.11.35327.3
MinimumVisualStudioVersion = 10.0.40219.1
Project("{9A19103F-16F7-4668-BE54-9A1E7A4F7556}") = "UnoBlankProject", "UnoBlankProject\UnoBlankProject.csproj", "{91BBEA31-2C82-4415-A5B1-E25FC50B10DE}"
EndProject
Project("{2150E333-8FDC-42A3-9474-1A3956D46DE8}") = "Solution Items", "Solution Items", "{C6DDC501-D769-46BE-8E69-04E84B76BD82}"
	ProjectSection(SolutionItems) = preProject
		.gitignore = .gitignore
		Directory.Build.props = Directory.Build.props
		Directory.Build.targets = Directory.Build.targets
		Directory.Packages.props = Directory.Packages.props
		global.json = global.json
	EndProjectSection
EndProject
Project("{FAE04EC0-301F-11D3-BF4B-00C04F79EFBC}") = "UnoBlankLibrary", "UnoBlankLibrary\UnoBlankLibrary.csproj", "{4CFC0130-2EEC-4E07-99B1-F307B18D8E4D}"
EndProject
Global
	GlobalSection(SolutionConfigurationPlatforms) = preSolution
		Debug|Any CPU = Debug|Any CPU
		Release|Any CPU = Release|Any CPU
	EndGlobalSection
	GlobalSection(ProjectConfigurationPlatforms) = postSolution
		{91BBEA31-2C82-4415-A5B1-E25FC50B10DE}.Debug|Any CPU.ActiveCfg = Debug|Any CPU
		{91BBEA31-2C82-4415-A5B1-E25FC50B10DE}.Debug|Any CPU.Build.0 = Debug|Any CPU
		{91BBEA31-2C82-4415-A5B1-E25FC50B10DE}.Debug|Any CPU.Deploy.0 = Debug|Any CPU
		{91BBEA31-2C82-4415-A5B1-E25FC50B10DE}.Release|Any CPU.ActiveCfg = Release|Any CPU
		{91BBEA31-2C82-4415-A5B1-E25FC50B10DE}.Release|Any CPU.Build.0 = Release|Any CPU
		{91BBEA31-2C82-4415-A5B1-E25FC50B10DE}.Release|Any CPU.Deploy.0 = Release|Any CPU
		{4CFC0130-2EEC-4E07-99B1-F307B18D8E4D}.Debug|Any CPU.ActiveCfg = Debug|Any CPU
		{4CFC0130-2EEC-4E07-99B1-F307B18D8E4D}.Debug|Any CPU.Build.0 = Debug|Any CPU
		{4CFC0130-2EEC-4E07-99B1-F307B18D8E4D}.Release|Any CPU.ActiveCfg = Release|Any CPU
		{4CFC0130-2EEC-4E07-99B1-F307B18D8E4D}.Release|Any CPU.Build.0 = Release|Any CPU
	EndGlobalSection
	GlobalSection(SolutionProperties) = preSolution
		HideSolutionNode = FALSE
	EndGlobalSection
	GlobalSection(ExtensibilityGlobals) = postSolution
		SolutionGuid = {287ADE67-B032-42C6-BE6D-5C0CEBEA5E22}
	EndGlobalSection
EndGlobal
