
Microsoft Visual Studio Solution File, Format Version 12.00
# Visual Studio Version 17
VisualStudioVersion = 17.8.34330.188
MinimumVisualStudioVersion = 10.0.40219.1
Project("{2150E333-8FDC-42A3-9474-1A3956D46DE8}") = "Source", "Source", "{49E2EEC7-DE94-4A57-8880-69BA9D741CA6}"
EndProject
Project("{2150E333-8FDC-42A3-9474-1A3956D46DE8}") = "Platforms", "Platforms", "{A2634C78-7607-4A19-9A8A-CBBBED74DE2B}"
EndProject
Project("{9A19103F-16F7-4668-BE54-9A1E7A4F7556}") = "UnoBlankProject", "UnoBlankProject\UnoBlankProject.csproj", "{E7CB66E0-DABD-479B-A234-B57C85670B13}"
EndProject
Project("{9A19103F-16F7-4668-BE54-9A1E7A4F7556}") = "UnoBlankProject.Shared", "UnoBlankProject.Shared\UnoBlankProject.Shared.csproj", "{A0A91429-594A-4032-B99F-476ED9E19B9D}"
EndProject
Project("{9A19103F-16F7-4668-BE54-9A1E7A4F7556}") = "UnoBlankProject.Mobile", "UnoBlankProject.Mobile\UnoBlankProject.Mobile.csproj", "{A790EE90-BF44-4C8E-B235-BD4682D77E52}"
EndProject
Project("{9A19103F-16F7-4668-BE54-9A1E7A4F7556}") = "UnoBlankProject.Windows", "UnoBlankProject.Windows\UnoBlankProject.Windows.csproj", "{C22AFDB3-187D-4A53-900D-6A249DFDA354}"
EndProject
Project("{9A19103F-16F7-4668-BE54-9A1E7A4F7556}") = "UnoBlankProject.Wasm", "UnoBlankProject.Wasm\UnoBlankProject.Wasm.csproj", "{FDF1836E-36E6-4FAE-8D0B-48A6D31250EB}"
EndProject
Project("{9A19103F-16F7-4668-BE54-9A1E7A4F7556}") = "UnoBlankProject.Skia.Gtk", "UnoBlankProject.Skia.Gtk\UnoBlankProject.Skia.Gtk.csproj", "{CF87BF60-7861-44B4-B52B-B001F1D037FE}"
EndProject
Project("{2150E333-8FDC-42A3-9474-1A3956D46DE8}") = "Solution Items", "Solution Items", "{5D4516E7-1062-4481-AFFD-F94E121921F4}"
	ProjectSection(SolutionItems) = preProject
		.gitignore = .gitignore
		Directory.Build.props = Directory.Build.props
		Directory.Build.targets = Directory.Build.targets
		solution-config.props.sample = solution-config.props.sample
	EndProjectSection
EndProject
Global
	GlobalSection(SolutionConfigurationPlatforms) = preSolution
		Debug|Any CPU = Debug|Any CPU
		Debug|arm64 = Debug|arm64
		Debug|x64 = Debug|x64
		Debug|x86 = Debug|x86
		Release|Any CPU = Release|Any CPU
		Release|arm64 = Release|arm64
		Release|x64 = Release|x64
		Release|x86 = Release|x86
	EndGlobalSection
	GlobalSection(ProjectConfigurationPlatforms) = postSolution
		{E7CB66E0-DABD-479B-A234-B57C85670B13}.Debug|Any CPU.ActiveCfg = Debug|Any CPU
		{E7CB66E0-DABD-479B-A234-B57C85670B13}.Debug|Any CPU.Build.0 = Debug|Any CPU
		{E7CB66E0-DABD-479B-A234-B57C85670B13}.Debug|arm64.ActiveCfg = Debug|Any CPU
		{E7CB66E0-DABD-479B-A234-B57C85670B13}.Debug|arm64.Build.0 = Debug|Any CPU
		{E7CB66E0-DABD-479B-A234-B57C85670B13}.Debug|x64.ActiveCfg = Debug|Any CPU
		{E7CB66E0-DABD-479B-A234-B57C85670B13}.Debug|x64.Build.0 = Debug|Any CPU
		{E7CB66E0-DABD-479B-A234-B57C85670B13}.Debug|x86.ActiveCfg = Debug|Any CPU
		{E7CB66E0-DABD-479B-A234-B57C85670B13}.Debug|x86.Build.0 = Debug|Any CPU
		{E7CB66E0-DABD-479B-A234-B57C85670B13}.Release|Any CPU.ActiveCfg = Release|Any CPU
		{E7CB66E0-DABD-479B-A234-B57C85670B13}.Release|Any CPU.Build.0 = Release|Any CPU
		{E7CB66E0-DABD-479B-A234-B57C85670B13}.Release|arm64.ActiveCfg = Release|Any CPU
		{E7CB66E0-DABD-479B-A234-B57C85670B13}.Release|arm64.Build.0 = Release|Any CPU
		{E7CB66E0-DABD-479B-A234-B57C85670B13}.Release|x64.ActiveCfg = Release|Any CPU
		{E7CB66E0-DABD-479B-A234-B57C85670B13}.Release|x64.Build.0 = Release|Any CPU
		{E7CB66E0-DABD-479B-A234-B57C85670B13}.Release|x86.ActiveCfg = Release|Any CPU
		{E7CB66E0-DABD-479B-A234-B57C85670B13}.Release|x86.Build.0 = Release|Any CPU
		{A0A91429-594A-4032-B99F-476ED9E19B9D}.Debug|Any CPU.ActiveCfg = Debug|Any CPU
		{A0A91429-594A-4032-B99F-476ED9E19B9D}.Debug|Any CPU.Build.0 = Debug|Any CPU
		{A0A91429-594A-4032-B99F-476ED9E19B9D}.Debug|arm64.ActiveCfg = Debug|Any CPU
		{A0A91429-594A-4032-B99F-476ED9E19B9D}.Debug|arm64.Build.0 = Debug|Any CPU
		{A0A91429-594A-4032-B99F-476ED9E19B9D}.Debug|x64.ActiveCfg = Debug|Any CPU
		{A0A91429-594A-4032-B99F-476ED9E19B9D}.Debug|x64.Build.0 = Debug|Any CPU
		{A0A91429-594A-4032-B99F-476ED9E19B9D}.Debug|x86.ActiveCfg = Debug|Any CPU
		{A0A91429-594A-4032-B99F-476ED9E19B9D}.Debug|x86.Build.0 = Debug|Any CPU
		{A0A91429-594A-4032-B99F-476ED9E19B9D}.Release|Any CPU.ActiveCfg = Release|Any CPU
		{A0A91429-594A-4032-B99F-476ED9E19B9D}.Release|Any CPU.Build.0 = Release|Any CPU
		{A0A91429-594A-4032-B99F-476ED9E19B9D}.Release|arm64.ActiveCfg = Release|Any CPU
		{A0A91429-594A-4032-B99F-476ED9E19B9D}.Release|arm64.Build.0 = Release|Any CPU
		{A0A91429-594A-4032-B99F-476ED9E19B9D}.Release|x64.ActiveCfg = Release|Any CPU
		{A0A91429-594A-4032-B99F-476ED9E19B9D}.Release|x64.Build.0 = Release|Any CPU
		{A0A91429-594A-4032-B99F-476ED9E19B9D}.Release|x86.ActiveCfg = Release|Any CPU
		{A0A91429-594A-4032-B99F-476ED9E19B9D}.Release|x86.Build.0 = Release|Any CPU
		{A790EE90-BF44-4C8E-B235-BD4682D77E52}.Debug|Any CPU.ActiveCfg = Debug|Any CPU
		{A790EE90-BF44-4C8E-B235-BD4682D77E52}.Debug|Any CPU.Build.0 = Debug|Any CPU
		{A790EE90-BF44-4C8E-B235-BD4682D77E52}.Debug|Any CPU.Deploy.0 = Debug|Any CPU
		{A790EE90-BF44-4C8E-B235-BD4682D77E52}.Debug|arm64.ActiveCfg = Debug|Any CPU
		{A790EE90-BF44-4C8E-B235-BD4682D77E52}.Debug|arm64.Build.0 = Debug|Any CPU
		{A790EE90-BF44-4C8E-B235-BD4682D77E52}.Debug|arm64.Deploy.0 = Debug|Any CPU
		{A790EE90-BF44-4C8E-B235-BD4682D77E52}.Debug|x64.ActiveCfg = Debug|Any CPU
		{A790EE90-BF44-4C8E-B235-BD4682D77E52}.Debug|x64.Build.0 = Debug|Any CPU
		{A790EE90-BF44-4C8E-B235-BD4682D77E52}.Debug|x64.Deploy.0 = Debug|Any CPU
		{A790EE90-BF44-4C8E-B235-BD4682D77E52}.Debug|x86.ActiveCfg = Debug|Any CPU
		{A790EE90-BF44-4C8E-B235-BD4682D77E52}.Debug|x86.Build.0 = Debug|Any CPU
		{A790EE90-BF44-4C8E-B235-BD4682D77E52}.Debug|x86.Deploy.0 = Debug|Any CPU
		{A790EE90-BF44-4C8E-B235-BD4682D77E52}.Release|Any CPU.ActiveCfg = Release|Any CPU
		{A790EE90-BF44-4C8E-B235-BD4682D77E52}.Release|Any CPU.Build.0 = Release|Any CPU
		{A790EE90-BF44-4C8E-B235-BD4682D77E52}.Release|Any CPU.Deploy.0 = Release|Any CPU
		{A790EE90-BF44-4C8E-B235-BD4682D77E52}.Release|arm64.ActiveCfg = Release|Any CPU
		{A790EE90-BF44-4C8E-B235-BD4682D77E52}.Release|arm64.Build.0 = Release|Any CPU
		{A790EE90-BF44-4C8E-B235-BD4682D77E52}.Release|arm64.Deploy.0 = Release|Any CPU
		{A790EE90-BF44-4C8E-B235-BD4682D77E52}.Release|x64.ActiveCfg = Release|Any CPU
		{A790EE90-BF44-4C8E-B235-BD4682D77E52}.Release|x64.Build.0 = Release|Any CPU
		{A790EE90-BF44-4C8E-B235-BD4682D77E52}.Release|x64.Deploy.0 = Release|Any CPU
		{A790EE90-BF44-4C8E-B235-BD4682D77E52}.Release|x86.ActiveCfg = Release|Any CPU
		{A790EE90-BF44-4C8E-B235-BD4682D77E52}.Release|x86.Build.0 = Release|Any CPU
		{A790EE90-BF44-4C8E-B235-BD4682D77E52}.Release|x86.Deploy.0 = Release|Any CPU
		{C22AFDB3-187D-4A53-900D-6A249DFDA354}.Debug|Any CPU.ActiveCfg = Debug|x64
		{C22AFDB3-187D-4A53-900D-6A249DFDA354}.Debug|Any CPU.Build.0 = Debug|x64
		{C22AFDB3-187D-4A53-900D-6A249DFDA354}.Debug|Any CPU.Deploy.0 = Debug|x64
		{C22AFDB3-187D-4A53-900D-6A249DFDA354}.Debug|arm64.ActiveCfg = Debug|arm64
		{C22AFDB3-187D-4A53-900D-6A249DFDA354}.Debug|arm64.Build.0 = Debug|arm64
		{C22AFDB3-187D-4A53-900D-6A249DFDA354}.Debug|arm64.Deploy.0 = Debug|arm64
		{C22AFDB3-187D-4A53-900D-6A249DFDA354}.Debug|x64.ActiveCfg = Debug|x64
		{C22AFDB3-187D-4A53-900D-6A249DFDA354}.Debug|x64.Build.0 = Debug|x64
		{C22AFDB3-187D-4A53-900D-6A249DFDA354}.Debug|x64.Deploy.0 = Debug|x64
		{C22AFDB3-187D-4A53-900D-6A249DFDA354}.Debug|x86.ActiveCfg = Debug|x86
		{C22AFDB3-187D-4A53-900D-6A249DFDA354}.Debug|x86.Build.0 = Debug|x86
		{C22AFDB3-187D-4A53-900D-6A249DFDA354}.Debug|x86.Deploy.0 = Debug|x86
		{C22AFDB3-187D-4A53-900D-6A249DFDA354}.Release|Any CPU.ActiveCfg = Release|x64
		{C22AFDB3-187D-4A53-900D-6A249DFDA354}.Release|Any CPU.Build.0 = Release|x64
		{C22AFDB3-187D-4A53-900D-6A249DFDA354}.Release|Any CPU.Deploy.0 = Release|x64
		{C22AFDB3-187D-4A53-900D-6A249DFDA354}.Release|arm64.ActiveCfg = Release|arm64
		{C22AFDB3-187D-4A53-900D-6A249DFDA354}.Release|arm64.Build.0 = Release|arm64
		{C22AFDB3-187D-4A53-900D-6A249DFDA354}.Release|arm64.Deploy.0 = Release|arm64
		{C22AFDB3-187D-4A53-900D-6A249DFDA354}.Release|x64.ActiveCfg = Release|x64
		{C22AFDB3-187D-4A53-900D-6A249DFDA354}.Release|x64.Build.0 = Release|x64
		{C22AFDB3-187D-4A53-900D-6A249DFDA354}.Release|x64.Deploy.0 = Release|x64
		{C22AFDB3-187D-4A53-900D-6A249DFDA354}.Release|x86.ActiveCfg = Release|x86
		{C22AFDB3-187D-4A53-900D-6A249DFDA354}.Release|x86.Build.0 = Release|x86
		{C22AFDB3-187D-4A53-900D-6A249DFDA354}.Release|x86.Deploy.0 = Release|x86
		{FDF1836E-36E6-4FAE-8D0B-48A6D31250EB}.Debug|Any CPU.ActiveCfg = Debug|Any CPU
		{FDF1836E-36E6-4FAE-8D0B-48A6D31250EB}.Debug|Any CPU.Build.0 = Debug|Any CPU
		{FDF1836E-36E6-4FAE-8D0B-48A6D31250EB}.Debug|arm64.ActiveCfg = Debug|Any CPU
		{FDF1836E-36E6-4FAE-8D0B-48A6D31250EB}.Debug|arm64.Build.0 = Debug|Any CPU
		{FDF1836E-36E6-4FAE-8D0B-48A6D31250EB}.Debug|x64.ActiveCfg = Debug|Any CPU
		{FDF1836E-36E6-4FAE-8D0B-48A6D31250EB}.Debug|x64.Build.0 = Debug|Any CPU
		{FDF1836E-36E6-4FAE-8D0B-48A6D31250EB}.Debug|x86.ActiveCfg = Debug|Any CPU
		{FDF1836E-36E6-4FAE-8D0B-48A6D31250EB}.Debug|x86.Build.0 = Debug|Any CPU
		{FDF1836E-36E6-4FAE-8D0B-48A6D31250EB}.Release|Any CPU.ActiveCfg = Release|Any CPU
		{FDF1836E-36E6-4FAE-8D0B-48A6D31250EB}.Release|Any CPU.Build.0 = Release|Any CPU
		{FDF1836E-36E6-4FAE-8D0B-48A6D31250EB}.Release|arm64.ActiveCfg = Release|Any CPU
		{FDF1836E-36E6-4FAE-8D0B-48A6D31250EB}.Release|arm64.Build.0 = Release|Any CPU
		{FDF1836E-36E6-4FAE-8D0B-48A6D31250EB}.Release|x64.ActiveCfg = Release|Any CPU
		{FDF1836E-36E6-4FAE-8D0B-48A6D31250EB}.Release|x64.Build.0 = Release|Any CPU
		{FDF1836E-36E6-4FAE-8D0B-48A6D31250EB}.Release|x86.ActiveCfg = Release|Any CPU
		{FDF1836E-36E6-4FAE-8D0B-48A6D31250EB}.Release|x86.Build.0 = Release|Any CPU
		{CF87BF60-7861-44B4-B52B-B001F1D037FE}.Debug|Any CPU.ActiveCfg = Debug|Any CPU
		{CF87BF60-7861-44B4-B52B-B001F1D037FE}.Debug|Any CPU.Build.0 = Debug|Any CPU
		{CF87BF60-7861-44B4-B52B-B001F1D037FE}.Debug|arm64.ActiveCfg = Debug|Any CPU
		{CF87BF60-7861-44B4-B52B-B001F1D037FE}.Debug|arm64.Build.0 = Debug|Any CPU
		{CF87BF60-7861-44B4-B52B-B001F1D037FE}.Debug|x64.ActiveCfg = Debug|Any CPU
		{CF87BF60-7861-44B4-B52B-B001F1D037FE}.Debug|x64.Build.0 = Debug|Any CPU
		{CF87BF60-7861-44B4-B52B-B001F1D037FE}.Debug|x86.ActiveCfg = Debug|Any CPU
		{CF87BF60-7861-44B4-B52B-B001F1D037FE}.Debug|x86.Build.0 = Debug|Any CPU
		{CF87BF60-7861-44B4-B52B-B001F1D037FE}.Release|Any CPU.ActiveCfg = Release|Any CPU
		{CF87BF60-7861-44B4-B52B-B001F1D037FE}.Release|Any CPU.Build.0 = Release|Any CPU
		{CF87BF60-7861-44B4-B52B-B001F1D037FE}.Release|arm64.ActiveCfg = Release|Any CPU
		{CF87BF60-7861-44B4-B52B-B001F1D037FE}.Release|arm64.Build.0 = Release|Any CPU
		{CF87BF60-7861-44B4-B52B-B001F1D037FE}.Release|x64.ActiveCfg = Release|Any CPU
		{CF87BF60-7861-44B4-B52B-B001F1D037FE}.Release|x64.Build.0 = Release|Any CPU
		{CF87BF60-7861-44B4-B52B-B001F1D037FE}.Release|x86.ActiveCfg = Release|Any CPU
		{CF87BF60-7861-44B4-B52B-B001F1D037FE}.Release|x86.Build.0 = Release|Any CPU
	EndGlobalSection
	GlobalSection(SolutionProperties) = preSolution
		HideSolutionNode = FALSE
	EndGlobalSection
	GlobalSection(NestedProjects) = preSolution
		{A2634C78-7607-4A19-9A8A-CBBBED74DE2B} = {49E2EEC7-DE94-4A57-8880-69BA9D741CA6}
		{E7CB66E0-DABD-479B-A234-B57C85670B13} = {49E2EEC7-DE94-4A57-8880-69BA9D741CA6}
		{A0A91429-594A-4032-B99F-476ED9E19B9D} = {A2634C78-7607-4A19-9A8A-CBBBED74DE2B}
		{A790EE90-BF44-4C8E-B235-BD4682D77E52} = {A2634C78-7607-4A19-9A8A-CBBBED74DE2B}
		{C22AFDB3-187D-4A53-900D-6A249DFDA354} = {A2634C78-7607-4A19-9A8A-CBBBED74DE2B}
		{FDF1836E-36E6-4FAE-8D0B-48A6D31250EB} = {A2634C78-7607-4A19-9A8A-CBBBED74DE2B}
		{CF87BF60-7861-44B4-B52B-B001F1D037FE} = {A2634C78-7607-4A19-9A8A-CBBBED74DE2B}
	EndGlobalSection
	GlobalSection(ExtensibilityGlobals) = postSolution
		SolutionGuid = {44D4C288-2201-411E-9925-0375F7A995BF}
	EndGlobalSection
EndGlobal
